// !$*UTF8*$!
{
	archiveVersion = 1;
	classes = {
	};
	objectVersion = 50;
	objects = {

/* Begin PBXBuildFile section */
		D65029ED220857AB00682A5D /* AppDelegate.swift in Sources */ = {isa = PBXBuildFile; fileRef = D65029EC220857AB00682A5D /* AppDelegate.swift */; };
		D65029EF220857AB00682A5D /* ViewController.swift in Sources */ = {isa = PBXBuildFile; fileRef = D65029EE220857AB00682A5D /* ViewController.swift */; };
		D65029F2220857AB00682A5D /* Main.storyboard in Resources */ = {isa = PBXBuildFile; fileRef = D65029F0220857AB00682A5D /* Main.storyboard */; };
		D65029F4220857AC00682A5D /* Assets.xcassets in Resources */ = {isa = PBXBuildFile; fileRef = D65029F3220857AC00682A5D /* Assets.xcassets */; };
		D65029F7220857AC00682A5D /* LaunchScreen.storyboard in Resources */ = {isa = PBXBuildFile; fileRef = D65029F5220857AC00682A5D /* LaunchScreen.storyboard */; };
		D6502A0322085A6800682A5D /* 01.jpg in Resources */ = {isa = PBXBuildFile; fileRef = D65029FE22085A6800682A5D /* 01.jpg */; };
		D6502A0422085A6800682A5D /* 03.jpg in Resources */ = {isa = PBXBuildFile; fileRef = D65029FF22085A6800682A5D /* 03.jpg */; };
		D6502A0622085A6800682A5D /* 05.jpg in Resources */ = {isa = PBXBuildFile; fileRef = D6502A0122085A6800682A5D /* 05.jpg */; };
		D6502A0A22085AC500682A5D /* 04.jpg in Resources */ = {isa = PBXBuildFile; fileRef = D6502A0822085AC500682A5D /* 04.jpg */; };
		D6502A0B22085AC500682A5D /* 02.jpg in Resources */ = {isa = PBXBuildFile; fileRef = D6502A0922085AC500682A5D /* 02.jpg */; };
/* End PBXBuildFile section */

/* Begin PBXFileReference section */
		D65029E9220857AB00682A5D /* ImageViewer.app */ = {isa = PBXFileReference; explicitFileType = wrapper.application; includeInIndex = 0; path = ImageViewer.app; sourceTree = BUILT_PRODUCTS_DIR; };
		D65029EC220857AB00682A5D /* AppDelegate.swift */ = {isa = PBXFileReference; lastKnownFileType = sourcecode.swift; path = AppDelegate.swift; sourceTree = "<group>"; };
		D65029EE220857AB00682A5D /* ViewController.swift */ = {isa = PBXFileReference; lastKnownFileType = sourcecode.swift; path = ViewController.swift; sourceTree = "<group>"; };
		D65029F1220857AB00682A5D /* Base */ = {isa = PBXFileReference; lastKnownFileType = file.storyboard; name = Base; path = Base.lproj/Main.storyboard; sourceTree = "<group>"; };
		D65029F3220857AC00682A5D /* Assets.xcassets */ = {isa = PBXFileReference; lastKnownFileType = folder.assetcatalog; path = Assets.xcassets; sourceTree = "<group>"; };
		D65029F6220857AC00682A5D /* Base */ = {isa = PBXFileReference; lastKnownFileType = file.storyboard; name = Base; path = Base.lproj/LaunchScreen.storyboard; sourceTree = "<group>"; };
		D65029F8220857AC00682A5D /* Info.plist */ = {isa = PBXFileReference; lastKnownFileType = text.plist.xml; path = Info.plist; sourceTree = "<group>"; };
		D65029FE22085A6800682A5D /* 01.jpg */ = {isa = PBXFileReference; lastKnownFileType = image.jpeg; path = 01.jpg; sourceTree = "<group>"; };
		D65029FF22085A6800682A5D /* 03.jpg */ = {isa = PBXFileReference; lastKnownFileType = image.jpeg; path = 03.jpg; sourceTree = "<group>"; };
		D6502A0122085A6800682A5D /* 05.jpg */ = {isa = PBXFileReference; lastKnownFileType = image.jpeg; path = 05.jpg; sourceTree = "<group>"; };
		D6502A0822085AC500682A5D /* 04.jpg */ = {isa = PBXFileReference; lastKnownFileType = image.jpeg; name = 04.jpg; path = "../../../Swift이미지/04.jpg"; sourceTree = "<group>"; };
		D6502A0922085AC500682A5D /* 02.jpg */ = {isa = PBXFileReference; lastKnownFileType = image.jpeg; name = 02.jpg; path = "../../../Swift이미지/02.jpg"; sourceTree = "<group>"; };
/* End PBXFileReference section */

/* Begin PBXFrameworksBuildPhase section */
		D65029E6220857AB00682A5D /* Frameworks */ = {
			isa = PBXFrameworksBuildPhase;
			buildActionMask = 2147483647;
			files = (
			);
			runOnlyForDeploymentPostprocessing = 0;
		};
/* End PBXFrameworksBuildPhase section */

/* Begin PBXGroup section */
		D65029E0220857AB00682A5D = {
			isa = PBXGroup;
			children = (
				D65029EB220857AB00682A5D /* ImageViewer */,
				D65029EA220857AB00682A5D /* Products */,
			);
			sourceTree = "<group>";
		};
		D65029EA220857AB00682A5D /* Products */ = {
			isa = PBXGroup;
			children = (
				D65029E9220857AB00682A5D /* ImageViewer.app */,
			);
			name = Products;
			sourceTree = "<group>";
		};
		D65029EB220857AB00682A5D /* ImageViewer */ = {
			isa = PBXGroup;
			children = (
				D6502A0922085AC500682A5D /* 02.jpg */,
				D6502A0822085AC500682A5D /* 04.jpg */,
				D65029FE22085A6800682A5D /* 01.jpg */,
				D65029FF22085A6800682A5D /* 03.jpg */,
				D6502A0122085A6800682A5D /* 05.jpg */,
				D65029EC220857AB00682A5D /* AppDelegate.swift */,
				D65029EE220857AB00682A5D /* ViewController.swift */,
				D65029F0220857AB00682A5D /* Main.storyboard */,
				D65029F3220857AC00682A5D /* Assets.xcassets */,
				D65029F5220857AC00682A5D /* LaunchScreen.storyboard */,
				D65029F8220857AC00682A5D /* Info.plist */,
			);
			path = ImageViewer;
			sourceTree = "<group>";
		};
/* End PBXGroup section */

/* Begin PBXNativeTarget section */
		D65029E8220857AB00682A5D /* ImageViewer */ = {
			isa = PBXNativeTarget;
			buildConfigurationList = D65029FB220857AC00682A5D /* Build configuration list for PBXNativeTarget "ImageViewer" */;
			buildPhases = (
				D65029E5220857AB00682A5D /* Sources */,
				D65029E6220857AB00682A5D /* Frameworks */,
				D65029E7220857AB00682A5D /* Resources */,
			);
			buildRules = (
			);
			dependencies = (
			);
			name = ImageViewer;
			productName = ImageViewer;
			productReference = D65029E9220857AB00682A5D /* ImageViewer.app */;
			productType = "com.apple.product-type.application";
		};
/* End PBXNativeTarget section */

/* Begin PBXProject section */
		D65029E1220857AB00682A5D /* Project object */ = {
			isa = PBXProject;
			attributes = {
				LastSwiftUpdateCheck = 1010;
				LastUpgradeCheck = 1010;
				ORGANIZATIONNAME = "하영";
				TargetAttributes = {
					D65029E8220857AB00682A5D = {
						CreatedOnToolsVersion = 10.1;
					};
				};
			};
			buildConfigurationList = D65029E4220857AB00682A5D /* Build configuration list for PBXProject "ImageViewer" */;
			compatibilityVersion = "Xcode 9.3";
			developmentRegion = en;
			hasScannedForEncodings = 0;
			knownRegions = (
				en,
				Base,
			);
			mainGroup = D65029E0220857AB00682A5D;
			productRefGroup = D65029EA220857AB00682A5D /* Products */;
			projectDirPath = "";
			projectRoot = "";
			targets = (
				D65029E8220857AB00682A5D /* ImageViewer */,
			);
		};
/* End PBXProject section */

/* Begin PBXResourcesBuildPhase section */
		D65029E7220857AB00682A5D /* Resources */ = {
			isa = PBXResourcesBuildPhase;
			buildActionMask = 2147483647;
			files = (
				D6502A0422085A6800682A5D /* 03.jpg in Resources */,
				D6502A0622085A6800682A5D /* 05.jpg in Resources */,
				D65029F7220857AC00682A5D /* LaunchScreen.storyboard in Resources */,
				D65029F4220857AC00682A5D /* Assets.xcassets in Resources */,
				D6502A0A22085AC500682A5D /* 04.jpg in Resources */,
				D6502A0322085A6800682A5D /* 01.jpg in Resources */,
				D65029F2220857AB00682A5D /* Main.storyboard in Resources */,
				D6502A0B22085AC500682A5D /* 02.jpg in Resources */,
			);
			runOnlyForDeploymentPostprocessing = 0;
		};
/* End PBXResourcesBuildPhase section */

/* Begin PBXSourcesBuildPhase section */
		D65029E5220857AB00682A5D /* Sources */ = {
			isa = PBXSourcesBuildPhase;
			buildActionMask = 2147483647;
			files = (
				D65029EF220857AB00682A5D /* ViewController.swift in Sources */,
				D65029ED220857AB00682A5D /* AppDelegate.swift in Sources */,
			);
			runOnlyForDeploymentPostprocessing = 0;
		};
/* End PBXSourcesBuildPhase section */

/* Begin PBXVariantGroup section */
		D65029F0220857AB00682A5D /* Main.storyboard */ = {
			isa = PBXVariantGroup;
			children = (
				D65029F1220857AB00682A5D /* Base */,
			);
			name = Main.storyboard;
			sourceTree = "<group>";
		};
		D65029F5220857AC00682A5D /* LaunchScreen.storyboard */ = {
			isa = PBXVariantGroup;
			children = (
				D65029F6220857AC00682A5D /* Base */,
			);
			name = LaunchScreen.storyboard;
			sourceTree = "<group>";
		};
/* End PBXVariantGroup section */

/* Begin XCBuildConfiguration section */
		D65029F9220857AC00682A5D /* Debug */ = {
			isa = XCBuildConfiguration;
			buildSettings = {
				ALWAYS_SEARCH_USER_PATHS = NO;
				CLANG_ANALYZER_NONNULL = YES;
				CLANG_ANALYZER_NUMBER_OBJECT_CONVERSION = YES_AGGRESSIVE;
				CLANG_CXX_LANGUAGE_STANDARD = "gnu++14";
				CLANG_CXX_LIBRARY = "libc++";
				CLANG_ENABLE_MODULES = YES;
				CLANG_ENABLE_OBJC_ARC = YES;
				CLANG_ENABLE_OBJC_WEAK = YES;
				CLANG_WARN_BLOCK_CAPTURE_AUTORELEASING = YES;
				CLANG_WARN_BOOL_CONVERSION = YES;
				CLANG_WARN_COMMA = YES;
				CLANG_WARN_CONSTANT_CONVERSION = YES;
				CLANG_WARN_DEPRECATED_OBJC_IMPLEMENTATIONS = YES;
				CLANG_WARN_DIRECT_OBJC_ISA_USAGE = YES_ERROR;
				CLANG_WARN_DOCUMENTATION_COMMENTS = YES;
				CLANG_WARN_EMPTY_BODY = YES;
				CLANG_WARN_ENUM_CONVERSION = YES;
				CLANG_WARN_INFINITE_RECURSION = YES;
				CLANG_WARN_INT_CONVERSION = YES;
				CLANG_WARN_NON_LITERAL_NULL_CONVERSION = YES;
				CLANG_WARN_OBJC_IMPLICIT_RETAIN_SELF = YES;
				CLANG_WARN_OBJC_LITERAL_CONVERSION = YES;
				CLANG_WARN_OBJC_ROOT_CLASS = YES_ERROR;
				CLANG_WARN_RANGE_LOOP_ANALYSIS = YES;
				CLANG_WARN_STRICT_PROTOTYPES = YES;
				CLANG_WARN_SUSPICIOUS_MOVE = YES;
				CLANG_WARN_UNGUARDED_AVAILABILITY = YES_AGGRESSIVE;
				CLANG_WARN_UNREACHABLE_CODE = YES;
				CLANG_WARN__DUPLICATE_METHOD_MATCH = YES;
				CODE_SIGN_IDENTITY = "iPhone Developer";
				COPY_PHASE_STRIP = NO;
				DEBUG_INFORMATION_FORMAT = dwarf;
				ENABLE_STRICT_OBJC_MSGSEND = YES;
				ENABLE_TESTABILITY = YES;
				GCC_C_LANGUAGE_STANDARD = gnu11;
				GCC_DYNAMIC_NO_PIC = NO;
				GCC_NO_COMMON_BLOCKS = YES;
				GCC_OPTIMIZATION_LEVEL = 0;
				GCC_PREPROCESSOR_DEFINITIONS = (
					"DEBUG=1",
					"$(inherited)",
				);
				GCC_WARN_64_TO_32_BIT_CONVERSION = YES;
				GCC_WARN_ABOUT_RETURN_TYPE = YES_ERROR;
				GCC_WARN_UNDECLARED_SELECTOR = YES;
				GCC_WARN_UNINITIALIZED_AUTOS = YES_AGGRESSIVE;
				GCC_WARN_UNUSED_FUNCTION = YES;
				GCC_WARN_UNUSED_VARIABLE = YES;
				IPHONEOS_DEPLOYMENT_TARGET = 12.1;
				MTL_ENABLE_DEBUG_INFO = INCLUDE_SOURCE;
				MTL_FAST_MATH = YES;
				ONLY_ACTIVE_ARCH = YES;
				SDKROOT = iphoneos;
				SWIFT_ACTIVE_COMPILATION_CONDITIONS = DEBUG;
				SWIFT_OPTIMIZATION_LEVEL = "-Onone";
			};
			name = Debug;
		};
		D65029FA220857AC00682A5D /* Release */ = {
			isa = XCBuildConfiguration;
			buildSettings = {
				ALWAYS_SEARCH_USER_PATHS = NO;
				CLANG_ANALYZER_NONNULL = YES;
				CLANG_ANALYZER_NUMBER_OBJECT_CONVERSION = YES_AGGRESSIVE;
				CLANG_CXX_LANGUAGE_STANDARD = "gnu++14";
				CLANG_CXX_LIBRARY = "libc++";
				CLANG_ENABLE_MODULES = YES;
				CLANG_ENABLE_OBJC_ARC = YES;
				CLANG_ENABLE_OBJC_WEAK = YES;
				CLANG_WARN_BLOCK_CAPTURE_AUTORELEASING = YES;
				CLANG_WARN_BOOL_CONVERSION = YES;
				CLANG_WARN_COMMA = YES;
				CLANG_WARN_CONSTANT_CONVERSION = YES;
				CLANG_WARN_DEPRECATED_OBJC_IMPLEMENTATIONS = YES;
				CLANG_WARN_DIRECT_OBJC_ISA_USAGE = YES_ERROR;
				CLANG_WARN_DOCUMENTATION_COMMENTS = YES;
				CLANG_WARN_EMPTY_BODY = YES;
				CLANG_WARN_ENUM_CONVERSION = YES;
				CLANG_WARN_INFINITE_RECURSION = YES;
				CLANG_WARN_INT_CONVERSION = YES;
				CLANG_WARN_NON_LITERAL_NULL_CONVERSION = YES;
				CLANG_WARN_OBJC_IMPLICIT_RETAIN_SELF = YES;
				CLANG_WARN_OBJC_LITERAL_CONVERSION = YES;
				CLANG_WARN_OBJC_ROOT_CLASS = YES_ERROR;
				CLANG_WARN_RANGE_LOOP_ANALYSIS = YES;
				CLANG_WARN_STRICT_PROTOTYPES = YES;
				CLANG_WARN_SUSPICIOUS_MOVE = YES;
				CLANG_WARN_UNGUARDED_AVAILABILITY = YES_AGGRESSIVE;
				CLANG_WARN_UNREACHABLE_CODE = YES;
				CLANG_WARN__DUPLICATE_METHOD_MATCH = YES;
				CODE_SIGN_IDENTITY = "iPhone Developer";
				COPY_PHASE_STRIP = NO;
				DEBUG_INFORMATION_FORMAT = "dwarf-with-dsym";
				ENABLE_NS_ASSERTIONS = NO;
				ENABLE_STRICT_OBJC_MSGSEND = YES;
				GCC_C_LANGUAGE_STANDARD = gnu11;
				GCC_NO_COMMON_BLOCKS = YES;
				GCC_WARN_64_TO_32_BIT_CONVERSION = YES;
				GCC_WARN_ABOUT_RETURN_TYPE = YES_ERROR;
				GCC_WARN_UNDECLARED_SELECTOR = YES;
				GCC_WARN_UNINITIALIZED_AUTOS = YES_AGGRESSIVE;
				GCC_WARN_UNUSED_FUNCTION = YES;
				GCC_WARN_UNUSED_VARIABLE = YES;
				IPHONEOS_DEPLOYMENT_TARGET = 12.1;
				MTL_ENABLE_DEBUG_INFO = NO;
				MTL_FAST_MATH = YES;
				SDKROOT = iphoneos;
				SWIFT_COMPILATION_MODE = wholemodule;
				SWIFT_OPTIMIZATION_LEVEL = "-O";
				VALIDATE_PRODUCT = YES;
			};
			name = Release;
		};
		D65029FC220857AC00682A5D /* Debug */ = {
			isa = XCBuildConfiguration;
			buildSettings = {
				ASSETCATALOG_COMPILER_APPICON_NAME = AppIcon;
				CODE_SIGN_STYLE = Automatic;
				INFOPLIST_FILE = ImageViewer/Info.plist;
				LD_RUNPATH_SEARCH_PATHS = (
					"$(inherited)",
					"@executable_path/Frameworks",
				);
				PRODUCT_BUNDLE_IDENTIFIER = com.ha0.ImageViewer;
				PRODUCT_NAME = "$(TARGET_NAME)";
				SWIFT_VERSION = 4.2;
				TARGETED_DEVICE_FAMILY = "1,2";
			};
			name = Debug;
		};
		D65029FD220857AC00682A5D /* Release */ = {
			isa = XCBuildConfiguration;
			buildSettings = {
				ASSETCATALOG_COMPILER_APPICON_NAME = AppIcon;
				CODE_SIGN_STYLE = Automatic;
				INFOPLIST_FILE = ImageViewer/Info.plist;
				LD_RUNPATH_SEARCH_PATHS = (
					"$(inherited)",
					"@executable_path/Frameworks",
				);
				PRODUCT_BUNDLE_IDENTIFIER = com.ha0.ImageViewer;
				PRODUCT_NAME = "$(TARGET_NAME)";
				SWIFT_VERSION = 4.2;
				TARGETED_DEVICE_FAMILY = "1,2";
			};
			name = Release;
		};
/* End XCBuildConfiguration section */

/* Begin XCConfigurationList section */
		D65029E4220857AB00682A5D /* Build configuration list for PBXProject "ImageViewer" */ = {
			isa = XCConfigurationList;
			buildConfigurations = (
				D65029F9220857AC00682A5D /* Debug */,
				D65029FA220857AC00682A5D /* Release */,
			);
			defaultConfigurationIsVisible = 0;
			defaultConfigurationName = Release;
		};
		D65029FB220857AC00682A5D /* Build configuration list for PBXNativeTarget "ImageViewer" */ = {
			isa = XCConfigurationList;
			buildConfigurations = (
				D65029FC220857AC00682A5D /* Debug */,
				D65029FD220857AC00682A5D /* Release */,
			);
			defaultConfigurationIsVisible = 0;
			defaultConfigurationName = Release;
		};
/* End XCConfigurationList section */
	};
	rootObject = D65029E1220857AB00682A5D /* Project object */;
}
